// project.pbxproj — Minimal stub for the MuPDF Demo Xcode project.
//
// This file is a stub reference. To create a fully-functional Xcode project:
//   1. Open Xcode → File → New → Project → iOS App
//   2. Add the MuPDFMobile SPM package (File → Add Packages)
//   3. Replace the generated source files with the files in demo/ios/MuPDFDemo/
//
// The real .pbxproj is auto-generated by Xcode and is not suitable for
// manual authoring; this stub serves as a placeholder so the directory
// structure is complete in the repository.
//
// Archive reference:
//   PRODUCT_NAME    = MuPDFDemo
//   SWIFT_VERSION   = 5.9
//   IPHONEOS_DEPLOYMENT_TARGET = 15.0
//   TARGETED_DEVICE_FAMILY     = 1,2   (iPhone + iPad)
